
Microsoft Visual Studio Solution File, Format Version 12.00
# Visual Studio Version 16
VisualStudioVersion = 16.0.32630.194
MinimumVisualStudioVersion = 10.0.40219.1
Project("{FAE04EC0-301F-11D3-BF4B-00C04F79EFBC}") = "Lab2", "Lab2\Lab2.csproj", "{0FD19F48-F4DC-49BE-BCAD-AAA680638F2A}"
EndProject
Global
	GlobalSection(SolutionConfigurationPlatforms) = preSolution
		Debug|Any CPU = Debug|Any CPU
		Release|Any CPU = Release|Any CPU
	EndGlobalSection
	GlobalSection(ProjectConfigurationPlatforms) = postSolution
		{0FD19F48-F4DC-49BE-BCAD-AAA680638F2A}.Debug|Any CPU.ActiveCfg = Debug|Any CPU
		{0FD19F48-F4DC-49BE-BCAD-AAA680638F2A}.Debug|Any CPU.Build.0 = Debug|Any CPU
		{0FD19F48-F4DC-49BE-BCAD-AAA680638F2A}.Release|Any CPU.ActiveCfg = Release|Any CPU
		{0FD19F48-F4DC-49BE-BCAD-AAA680638F2A}.Release|Any CPU.Build.0 = Release|Any CPU
	EndGlobalSection
	GlobalSection(SolutionProperties) = preSolution
		HideSolutionNode = FALSE
	EndGlobalSection
	GlobalSection(ExtensibilityGlobals) = postSolution
		SolutionGuid = {2C90D0D6-570F-4C49-B999-523E605049BA}
	EndGlobalSection
EndGlobal
